dependencies:
- name: rush-observability
  repository: file://../rush-observability
  version: 0.3.1
- name: metrics-agent
  repository: file://../metrics-agent
  version: 0.1.4
digest: sha256:ed18e59c7d7e27d1a6cac43ec12d006a6fb93b1d13f079bc350b99a62aafbcff
generated: "2026-09-06T19:33:30.95295-07:00"
